// !$*UTF8*$!
{
	archiveVersion = 1;
	classes = {
	};
	objectVersion = 50;
	objects = {

/* Begin PBXBuildFile section */
		222201CF25A25F18001349F9 /* AppDelegate.swift in Sources */ = {isa = PBXBuildFile; fileRef = 222201CE25A25F18001349F9 /* AppDelegate.swift */; };
		222201D125A25F18001349F9 /* SceneDelegate.swift in Sources */ = {isa = PBXBuildFile; fileRef = 222201D025A25F18001349F9 /* SceneDelegate.swift */; };
		222201D325A25F18001349F9 /* ViewController.swift in Sources */ = {isa = PBXBuildFile; fileRef = 222201D225A25F18001349F9 /* ViewController.swift */; };
		222201D625A25F18001349F9 /* Main.storyboard in Resources */ = {isa = PBXBuildFile; fileRef = 222201D425A25F18001349F9 /* Main.storyboard */; };
		222201D825A25F19001349F9 /* Assets.xcassets in Resources */ = {isa = PBXBuildFile; fileRef = 222201D725A25F19001349F9 /* Assets.xcassets */; };
		222201DB25A25F19001349F9 /* LaunchScreen.storyboard in Resources */ = {isa = PBXBuildFile; fileRef = 222201D925A25F19001349F9 /* LaunchScreen.storyboard */; };
		228F5C9125A2662200E2EF45 /* SoundEffects.swift in Sources */ = {isa = PBXBuildFile; fileRef = 228F5C9025A2662200E2EF45 /* SoundEffects.swift */; };
		228F5C9425A2664800E2EF45 /* SoundEffect.swift in Sources */ = {isa = PBXBuildFile; fileRef = 228F5C9325A2664800E2EF45 /* SoundEffect.swift */; };
		228F5C9725A268B300E2EF45 /* SoundClips.swift in Sources */ = {isa = PBXBuildFile; fileRef = 228F5C9625A268B300E2EF45 /* SoundClips.swift */; };
		228F5C9A25A26A5200E2EF45 /* marimbaC.mp3 in Resources */ = {isa = PBXBuildFile; fileRef = 228F5C9925A269EF00E2EF45 /* marimbaC.mp3 */; };
		228F5C9D25A26AD200E2EF45 /* Sound.swift in Sources */ = {isa = PBXBuildFile; fileRef = 228F5C9C25A26AD200E2EF45 /* Sound.swift */; };
		228F5CA025A26B9A00E2EF45 /* MusicConstants.swift in Sources */ = {isa = PBXBuildFile; fileRef = 228F5C9F25A26B9A00E2EF45 /* MusicConstants.swift */; };
		228F5CA525A2735F00E2EF45 /* footstep1.mp3 in Resources */ = {isa = PBXBuildFile; fileRef = 228F5CA325A2727E00E2EF45 /* footstep1.mp3 */; };
		228F5CAA25A28FC300E2EF45 /* MelodyPlayer.swift in Sources */ = {isa = PBXBuildFile; fileRef = 228F5CA925A28FC300E2EF45 /* MelodyPlayer.swift */; };
		9501ED9DCAB860E234FEFE95 /* Pods_theSound.framework in Frameworks */ = {isa = PBXBuildFile; fileRef = 24ACC2A4218FB285ACC8EAE1 /* Pods_theSound.framework */; };
		BC194C9D25A7D893002FA7E1 /* BackgroundStars.swift in Sources */ = {isa = PBXBuildFile; fileRef = BC194C9825A7D893002FA7E1 /* BackgroundStars.swift */; };
		BC194C9E25A7D893002FA7E1 /* WorldBlock.swift in Sources */ = {isa = PBXBuildFile; fileRef = BC194C9B25A7D893002FA7E1 /* WorldBlock.swift */; };
		BC194CA025A7D893002FA7E1 /* Bumper.swift in Sources */ = {isa = PBXBuildFile; fileRef = BC194C9525A7D893002FA7E1 /* Bumper.swift */; };
		BC194CA125A7D893002FA7E1 /* Ball.swift in Sources */ = {isa = PBXBuildFile; fileRef = BC194C9625A7D893002FA7E1 /* Ball.swift */; };
		BC194CA225A7D893002FA7E1 /* GameScene.swift in Sources */ = {isa = PBXBuildFile; fileRef = BC194C9725A7D893002FA7E1 /* GameScene.swift */; };
		BC194CA325A7D893002FA7E1 /* Plank.swift in Sources */ = {isa = PBXBuildFile; fileRef = BC194C9925A7D893002FA7E1 /* Plank.swift */; };
		BCE76EDD25A7DC3D009F6A60 /* SKScene+extensions.swift in Sources */ = {isa = PBXBuildFile; fileRef = BCE76EDC25A7DC3D009F6A60 /* SKScene+extensions.swift */; };
		BCE76EE025A7DD22009F6A60 /* GameLabel.swift in Sources */ = {isa = PBXBuildFile; fileRef = BCE76EDF25A7DD22009F6A60 /* GameLabel.swift */; };
/* End PBXBuildFile section */

/* Begin PBXFileReference section */
		0450BCABC07C4B6DA46F84C9 /* Pods-theSound.release.xcconfig */ = {isa = PBXFileReference; includeInIndex = 1; lastKnownFileType = text.xcconfig; name = "Pods-theSound.release.xcconfig"; path = "Target Support Files/Pods-theSound/Pods-theSound.release.xcconfig"; sourceTree = "<group>"; };
		222201CB25A25F18001349F9 /* theSound.app */ = {isa = PBXFileReference; explicitFileType = wrapper.application; includeInIndex = 0; path = theSound.app; sourceTree = BUILT_PRODUCTS_DIR; };
		222201CE25A25F18001349F9 /* AppDelegate.swift */ = {isa = PBXFileReference; lastKnownFileType = sourcecode.swift; path = AppDelegate.swift; sourceTree = "<group>"; };
		222201D025A25F18001349F9 /* SceneDelegate.swift */ = {isa = PBXFileReference; lastKnownFileType = sourcecode.swift; path = SceneDelegate.swift; sourceTree = "<group>"; };
		222201D225A25F18001349F9 /* ViewController.swift */ = {isa = PBXFileReference; lastKnownFileType = sourcecode.swift; path = ViewController.swift; sourceTree = "<group>"; };
		222201D525A25F18001349F9 /* Base */ = {isa = PBXFileReference; lastKnownFileType = file.storyboard; name = Base; path = Base.lproj/Main.storyboard; sourceTree = "<group>"; };
		222201D725A25F19001349F9 /* Assets.xcassets */ = {isa = PBXFileReference; lastKnownFileType = folder.assetcatalog; path = Assets.xcassets; sourceTree = "<group>"; };
		222201DA25A25F19001349F9 /* Base */ = {isa = PBXFileReference; lastKnownFileType = file.storyboard; name = Base; path = Base.lproj/LaunchScreen.storyboard; sourceTree = "<group>"; };
		222201DC25A25F19001349F9 /* Info.plist */ = {isa = PBXFileReference; lastKnownFileType = text.plist.xml; path = Info.plist; sourceTree = "<group>"; };
		228F5C9025A2662200E2EF45 /* SoundEffects.swift */ = {isa = PBXFileReference; lastKnownFileType = sourcecode.swift; path = SoundEffects.swift; sourceTree = "<group>"; };
		228F5C9325A2664800E2EF45 /* SoundEffect.swift */ = {isa = PBXFileReference; lastKnownFileType = sourcecode.swift; path = SoundEffect.swift; sourceTree = "<group>"; };
		228F5C9625A268B300E2EF45 /* SoundClips.swift */ = {isa = PBXFileReference; lastKnownFileType = sourcecode.swift; path = SoundClips.swift; sourceTree = "<group>"; };
		228F5C9925A269EF00E2EF45 /* marimbaC.mp3 */ = {isa = PBXFileReference; lastKnownFileType = audio.mp3; path = marimbaC.mp3; sourceTree = "<group>"; };
		228F5C9C25A26AD200E2EF45 /* Sound.swift */ = {isa = PBXFileReference; lastKnownFileType = sourcecode.swift; path = Sound.swift; sourceTree = "<group>"; };
		228F5C9F25A26B9A00E2EF45 /* MusicConstants.swift */ = {isa = PBXFileReference; lastKnownFileType = sourcecode.swift; path = MusicConstants.swift; sourceTree = "<group>"; };
		228F5CA325A2727E00E2EF45 /* footstep1.mp3 */ = {isa = PBXFileReference; lastKnownFileType = audio.mp3; path = footstep1.mp3; sourceTree = "<group>"; };
		228F5CA925A28FC300E2EF45 /* MelodyPlayer.swift */ = {isa = PBXFileReference; lastKnownFileType = sourcecode.swift; path = MelodyPlayer.swift; sourceTree = "<group>"; };
		24ACC2A4218FB285ACC8EAE1 /* Pods_theSound.framework */ = {isa = PBXFileReference; explicitFileType = wrapper.framework; includeInIndex = 0; path = Pods_theSound.framework; sourceTree = BUILT_PRODUCTS_DIR; };
		72EF15B399D3641FBCC12793 /* Pods-theSound.debug.xcconfig */ = {isa = PBXFileReference; includeInIndex = 1; lastKnownFileType = text.xcconfig; name = "Pods-theSound.debug.xcconfig"; path = "Target Support Files/Pods-theSound/Pods-theSound.debug.xcconfig"; sourceTree = "<group>"; };
		BC194C9525A7D893002FA7E1 /* Bumper.swift */ = {isa = PBXFileReference; lastKnownFileType = sourcecode.swift; path = Bumper.swift; sourceTree = "<group>"; };
		BC194C9625A7D893002FA7E1 /* Ball.swift */ = {isa = PBXFileReference; lastKnownFileType = sourcecode.swift; path = Ball.swift; sourceTree = "<group>"; };
		BC194C9725A7D893002FA7E1 /* GameScene.swift */ = {isa = PBXFileReference; lastKnownFileType = sourcecode.swift; path = GameScene.swift; sourceTree = "<group>"; };
		BC194C9825A7D893002FA7E1 /* BackgroundStars.swift */ = {isa = PBXFileReference; lastKnownFileType = sourcecode.swift; path = BackgroundStars.swift; sourceTree = "<group>"; };
		BC194C9925A7D893002FA7E1 /* Plank.swift */ = {isa = PBXFileReference; lastKnownFileType = sourcecode.swift; path = Plank.swift; sourceTree = "<group>"; };
		BC194C9B25A7D893002FA7E1 /* WorldBlock.swift */ = {isa = PBXFileReference; lastKnownFileType = sourcecode.swift; path = WorldBlock.swift; sourceTree = "<group>"; };
		BCE76EDC25A7DC3D009F6A60 /* SKScene+extensions.swift */ = {isa = PBXFileReference; lastKnownFileType = sourcecode.swift; path = "SKScene+extensions.swift"; sourceTree = "<group>"; };
		BCE76EDF25A7DD22009F6A60 /* GameLabel.swift */ = {isa = PBXFileReference; lastKnownFileType = sourcecode.swift; path = GameLabel.swift; sourceTree = "<group>"; };
/* End PBXFileReference section */

/* Begin PBXFrameworksBuildPhase section */
		222201C825A25F18001349F9 /* Frameworks */ = {
			isa = PBXFrameworksBuildPhase;
			buildActionMask = 2147483647;
			files = (
				9501ED9DCAB860E234FEFE95 /* Pods_theSound.framework in Frameworks */,
			);
			runOnlyForDeploymentPostprocessing = 0;
		};
/* End PBXFrameworksBuildPhase section */

/* Begin PBXGroup section */
		222201C225A25F18001349F9 = {
			isa = PBXGroup;
			children = (
				222201CD25A25F18001349F9 /* theSound */,
				222201CC25A25F18001349F9 /* Products */,
				E1293BF308D01DCB19F51428 /* Pods */,
				3E4C44A48ECA0952C3B4986E /* Frameworks */,
			);
			sourceTree = "<group>";
		};
		222201CC25A25F18001349F9 /* Products */ = {
			isa = PBXGroup;
			children = (
				222201CB25A25F18001349F9 /* theSound.app */,
			);
			name = Products;
			sourceTree = "<group>";
		};
		222201CD25A25F18001349F9 /* theSound */ = {
			isa = PBXGroup;
			children = (
				222201CE25A25F18001349F9 /* AppDelegate.swift */,
				222201D025A25F18001349F9 /* SceneDelegate.swift */,
				222201D225A25F18001349F9 /* ViewController.swift */,
				222201D425A25F18001349F9 /* Main.storyboard */,
				BC194CA525A7D8A3002FA7E1 /* Game */,
				BC194C8525A7D6DA002FA7E1 /* Sound */,
				228F5C9925A269EF00E2EF45 /* marimbaC.mp3 */,
				228F5CA325A2727E00E2EF45 /* footstep1.mp3 */,
				222201D725A25F19001349F9 /* Assets.xcassets */,
				222201D925A25F19001349F9 /* LaunchScreen.storyboard */,
				222201DC25A25F19001349F9 /* Info.plist */,
			);
			path = theSound;
			sourceTree = "<group>";
		};
		3E4C44A48ECA0952C3B4986E /* Frameworks */ = {
			isa = PBXGroup;
			children = (
				24ACC2A4218FB285ACC8EAE1 /* Pods_theSound.framework */,
			);
			name = Frameworks;
			sourceTree = "<group>";
		};
		BC194C8525A7D6DA002FA7E1 /* Sound */ = {
			isa = PBXGroup;
			children = (
				228F5C9C25A26AD200E2EF45 /* Sound.swift */,
				228F5CA925A28FC300E2EF45 /* MelodyPlayer.swift */,
				228F5C9F25A26B9A00E2EF45 /* MusicConstants.swift */,
				228F5C9625A268B300E2EF45 /* SoundClips.swift */,
				228F5C9325A2664800E2EF45 /* SoundEffect.swift */,
				228F5C9025A2662200E2EF45 /* SoundEffects.swift */,
			);
			path = Sound;
			sourceTree = "<group>";
		};
		BC194CA525A7D8A3002FA7E1 /* Game */ = {
			isa = PBXGroup;
			children = (
				BC194C9725A7D893002FA7E1 /* GameScene.swift */,
				BCE76EDF25A7DD22009F6A60 /* GameLabel.swift */,
				BC194C9B25A7D893002FA7E1 /* WorldBlock.swift */,
				BC194C9625A7D893002FA7E1 /* Ball.swift */,
				BC194C9925A7D893002FA7E1 /* Plank.swift */,
				BC194C9525A7D893002FA7E1 /* Bumper.swift */,
				BC194C9825A7D893002FA7E1 /* BackgroundStars.swift */,
				BCE76EDC25A7DC3D009F6A60 /* SKScene+extensions.swift */,
			);
			path = Game;
			sourceTree = "<group>";
		};
		E1293BF308D01DCB19F51428 /* Pods */ = {
			isa = PBXGroup;
			children = (
				72EF15B399D3641FBCC12793 /* Pods-theSound.debug.xcconfig */,
				0450BCABC07C4B6DA46F84C9 /* Pods-theSound.release.xcconfig */,
			);
			path = Pods;
			sourceTree = "<group>";
		};
/* End PBXGroup section */

/* Begin PBXNativeTarget section */
		222201CA25A25F18001349F9 /* theSound */ = {
			isa = PBXNativeTarget;
			buildConfigurationList = 222201DF25A25F19001349F9 /* Build configuration list for PBXNativeTarget "theSound" */;
			buildPhases = (
				084FF5A6283EA2B0BFC203F1 /* [CP] Check Pods Manifest.lock */,
				222201C725A25F18001349F9 /* Sources */,
				222201C825A25F18001349F9 /* Frameworks */,
				222201C925A25F18001349F9 /* Resources */,
			);
			buildRules = (
			);
			dependencies = (
			);
			name = theSound;
			productName = theSound;
			productReference = 222201CB25A25F18001349F9 /* theSound.app */;
			productType = "com.apple.product-type.application";
		};
/* End PBXNativeTarget section */

/* Begin PBXProject section */
		222201C325A25F18001349F9 /* Project object */ = {
			isa = PBXProject;
			attributes = {
				LastSwiftUpdateCheck = 1230;
				LastUpgradeCheck = 1230;
				TargetAttributes = {
					222201CA25A25F18001349F9 = {
						CreatedOnToolsVersion = 12.3;
					};
				};
			};
			buildConfigurationList = 222201C625A25F18001349F9 /* Build configuration list for PBXProject "theSound" */;
			compatibilityVersion = "Xcode 9.3";
			developmentRegion = en;
			hasScannedForEncodings = 0;
			knownRegions = (
				en,
				Base,
			);
			mainGroup = 222201C225A25F18001349F9;
			productRefGroup = 222201CC25A25F18001349F9 /* Products */;
			projectDirPath = "";
			projectRoot = "";
			targets = (
				222201CA25A25F18001349F9 /* theSound */,
			);
		};
/* End PBXProject section */

/* Begin PBXResourcesBuildPhase section */
		222201C925A25F18001349F9 /* Resources */ = {
			isa = PBXResourcesBuildPhase;
			buildActionMask = 2147483647;
			files = (
				228F5CA525A2735F00E2EF45 /* footstep1.mp3 in Resources */,
				228F5C9A25A26A5200E2EF45 /* marimbaC.mp3 in Resources */,
				222201DB25A25F19001349F9 /* LaunchScreen.storyboard in Resources */,
				222201D825A25F19001349F9 /* Assets.xcassets in Resources */,
				222201D625A25F18001349F9 /* Main.storyboard in Resources */,
			);
			runOnlyForDeploymentPostprocessing = 0;
		};
/* End PBXResourcesBuildPhase section */

/* Begin PBXShellScriptBuildPhase section */
		084FF5A6283EA2B0BFC203F1 /* [CP] Check Pods Manifest.lock */ = {
			isa = PBXShellScriptBuildPhase;
			buildActionMask = 2147483647;
			files = (
			);
			inputFileListPaths = (
			);
			inputPaths = (
				"${PODS_PODFILE_DIR_PATH}/Podfile.lock",
				"${PODS_ROOT}/Manifest.lock",
			);
			name = "[CP] Check Pods Manifest.lock";
			outputFileListPaths = (
			);
			outputPaths = (
				"$(DERIVED_FILE_DIR)/Pods-theSound-checkManifestLockResult.txt",
			);
			runOnlyForDeploymentPostprocessing = 0;
			shellPath = /bin/sh;
			shellScript = "diff \"${PODS_PODFILE_DIR_PATH}/Podfile.lock\" \"${PODS_ROOT}/Manifest.lock\" > /dev/null\nif [ $? != 0 ] ; then\n    # print error to STDERR\n    echo \"error: The sandbox is not in sync with the Podfile.lock. Run 'pod install' or update your CocoaPods installation.\" >&2\n    exit 1\nfi\n# This output is used by Xcode 'outputs' to avoid re-running this script phase.\necho \"SUCCESS\" > \"${SCRIPT_OUTPUT_FILE_0}\"\n";
			showEnvVarsInLog = 0;
		};
/* End PBXShellScriptBuildPhase section */

/* Begin PBXSourcesBuildPhase section */
		222201C725A25F18001349F9 /* Sources */ = {
			isa = PBXSourcesBuildPhase;
			buildActionMask = 2147483647;
			files = (
				BC194C9D25A7D893002FA7E1 /* BackgroundStars.swift in Sources */,
				228F5CAA25A28FC300E2EF45 /* MelodyPlayer.swift in Sources */,
				BC194CA225A7D893002FA7E1 /* GameScene.swift in Sources */,
				228F5C9D25A26AD200E2EF45 /* Sound.swift in Sources */,
				222201D325A25F18001349F9 /* ViewController.swift in Sources */,
				BC194CA025A7D893002FA7E1 /* Bumper.swift in Sources */,
				222201CF25A25F18001349F9 /* AppDelegate.swift in Sources */,
				228F5C9425A2664800E2EF45 /* SoundEffect.swift in Sources */,
				BC194CA325A7D893002FA7E1 /* Plank.swift in Sources */,
				228F5C9725A268B300E2EF45 /* SoundClips.swift in Sources */,
				BCE76EE025A7DD22009F6A60 /* GameLabel.swift in Sources */,
				BCE76EDD25A7DC3D009F6A60 /* SKScene+extensions.swift in Sources */,
				228F5CA025A26B9A00E2EF45 /* MusicConstants.swift in Sources */,
				228F5C9125A2662200E2EF45 /* SoundEffects.swift in Sources */,
				BC194CA125A7D893002FA7E1 /* Ball.swift in Sources */,
				BC194C9E25A7D893002FA7E1 /* WorldBlock.swift in Sources */,
				222201D125A25F18001349F9 /* SceneDelegate.swift in Sources */,
			);
			runOnlyForDeploymentPostprocessing = 0;
		};
/* End PBXSourcesBuildPhase section */

/* Begin PBXVariantGroup section */
		222201D425A25F18001349F9 /* Main.storyboard */ = {
			isa = PBXVariantGroup;
			children = (
				222201D525A25F18001349F9 /* Base */,
			);
			name = Main.storyboard;
			sourceTree = "<group>";
		};
		222201D925A25F19001349F9 /* LaunchScreen.storyboard */ = {
			isa = PBXVariantGroup;
			children = (
				222201DA25A25F19001349F9 /* Base */,
			);
			name = LaunchScreen.storyboard;
			sourceTree = "<group>";
		};
/* End PBXVariantGroup section */

/* Begin XCBuildConfiguration section */
		222201DD25A25F19001349F9 /* Debug */ = {
			isa = XCBuildConfiguration;
			buildSettings = {
				ALWAYS_SEARCH_USER_PATHS = NO;
				CLANG_ANALYZER_NONNULL = YES;
				CLANG_ANALYZER_NUMBER_OBJECT_CONVERSION = YES_AGGRESSIVE;
				CLANG_CXX_LANGUAGE_STANDARD = "gnu++14";
				CLANG_CXX_LIBRARY = "libc++";
				CLANG_ENABLE_MODULES = YES;
				CLANG_ENABLE_OBJC_ARC = YES;
				CLANG_ENABLE_OBJC_WEAK = YES;
				CLANG_WARN_BLOCK_CAPTURE_AUTORELEASING = YES;
				CLANG_WARN_BOOL_CONVERSION = YES;
				CLANG_WARN_COMMA = YES;
				CLANG_WARN_CONSTANT_CONVERSION = YES;
				CLANG_WARN_DEPRECATED_OBJC_IMPLEMENTATIONS = YES;
				CLANG_WARN_DIRECT_OBJC_ISA_USAGE = YES_ERROR;
				CLANG_WARN_DOCUMENTATION_COMMENTS = YES;
				CLANG_WARN_EMPTY_BODY = YES;
				CLANG_WARN_ENUM_CONVERSION = YES;
				CLANG_WARN_INFINITE_RECURSION = YES;
				CLANG_WARN_INT_CONVERSION = YES;
				CLANG_WARN_NON_LITERAL_NULL_CONVERSION = YES;
				CLANG_WARN_OBJC_IMPLICIT_RETAIN_SELF = YES;
				CLANG_WARN_OBJC_LITERAL_CONVERSION = YES;
				CLANG_WARN_OBJC_ROOT_CLASS = YES_ERROR;
				CLANG_WARN_QUOTED_INCLUDE_IN_FRAMEWORK_HEADER = YES;
				CLANG_WARN_RANGE_LOOP_ANALYSIS = YES;
				CLANG_WARN_STRICT_PROTOTYPES = YES;
				CLANG_WARN_SUSPICIOUS_MOVE = YES;
				CLANG_WARN_UNGUARDED_AVAILABILITY = YES_AGGRESSIVE;
				CLANG_WARN_UNREACHABLE_CODE = YES;
				CLANG_WARN__DUPLICATE_METHOD_MATCH = YES;
				COPY_PHASE_STRIP = NO;
				DEBUG_INFORMATION_FORMAT = dwarf;
				ENABLE_STRICT_OBJC_MSGSEND = YES;
				ENABLE_TESTABILITY = YES;
				GCC_C_LANGUAGE_STANDARD = gnu11;
				GCC_DYNAMIC_NO_PIC = NO;
				GCC_NO_COMMON_BLOCKS = YES;
				GCC_OPTIMIZATION_LEVEL = 0;
				GCC_PREPROCESSOR_DEFINITIONS = (
					"DEBUG=1",
					"$(inherited)",
				);
				GCC_WARN_64_TO_32_BIT_CONVERSION = YES;
				GCC_WARN_ABOUT_RETURN_TYPE = YES_ERROR;
				GCC_WARN_UNDECLARED_SELECTOR = YES;
				GCC_WARN_UNINITIALIZED_AUTOS = YES_AGGRESSIVE;
				GCC_WARN_UNUSED_FUNCTION = YES;
				GCC_WARN_UNUSED_VARIABLE = YES;
				IPHONEOS_DEPLOYMENT_TARGET = 14.3;
				MTL_ENABLE_DEBUG_INFO = INCLUDE_SOURCE;
				MTL_FAST_MATH = YES;
				ONLY_ACTIVE_ARCH = YES;
				SDKROOT = iphoneos;
				SWIFT_ACTIVE_COMPILATION_CONDITIONS = DEBUG;
				SWIFT_OPTIMIZATION_LEVEL = "-Onone";
			};
			name = Debug;
		};
		222201DE25A25F19001349F9 /* Release */ = {
			isa = XCBuildConfiguration;
			buildSettings = {
				ALWAYS_SEARCH_USER_PATHS = NO;
				CLANG_ANALYZER_NONNULL = YES;
				CLANG_ANALYZER_NUMBER_OBJECT_CONVERSION = YES_AGGRESSIVE;
				CLANG_CXX_LANGUAGE_STANDARD = "gnu++14";
				CLANG_CXX_LIBRARY = "libc++";
				CLANG_ENABLE_MODULES = YES;
				CLANG_ENABLE_OBJC_ARC = YES;
				CLANG_ENABLE_OBJC_WEAK = YES;
				CLANG_WARN_BLOCK_CAPTURE_AUTORELEASING = YES;
				CLANG_WARN_BOOL_CONVERSION = YES;
				CLANG_WARN_COMMA = YES;
				CLANG_WARN_CONSTANT_CONVERSION = YES;
				CLANG_WARN_DEPRECATED_OBJC_IMPLEMENTATIONS = YES;
				CLANG_WARN_DIRECT_OBJC_ISA_USAGE = YES_ERROR;
				CLANG_WARN_DOCUMENTATION_COMMENTS = YES;
				CLANG_WARN_EMPTY_BODY = YES;
				CLANG_WARN_ENUM_CONVERSION = YES;
				CLANG_WARN_INFINITE_RECURSION = YES;
				CLANG_WARN_INT_CONVERSION = YES;
				CLANG_WARN_NON_LITERAL_NULL_CONVERSION = YES;
				CLANG_WARN_OBJC_IMPLICIT_RETAIN_SELF = YES;
				CLANG_WARN_OBJC_LITERAL_CONVERSION = YES;
				CLANG_WARN_OBJC_ROOT_CLASS = YES_ERROR;
				CLANG_WARN_QUOTED_INCLUDE_IN_FRAMEWORK_HEADER = YES;
				CLANG_WARN_RANGE_LOOP_ANALYSIS = YES;
				CLANG_WARN_STRICT_PROTOTYPES = YES;
				CLANG_WARN_SUSPICIOUS_MOVE = YES;
				CLANG_WARN_UNGUARDED_AVAILABILITY = YES_AGGRESSIVE;
				CLANG_WARN_UNREACHABLE_CODE = YES;
				CLANG_WARN__DUPLICATE_METHOD_MATCH = YES;
				COPY_PHASE_STRIP = NO;
				DEBUG_INFORMATION_FORMAT = "dwarf-with-dsym";
				ENABLE_NS_ASSERTIONS = NO;
				ENABLE_STRICT_OBJC_MSGSEND = YES;
				GCC_C_LANGUAGE_STANDARD = gnu11;
				GCC_NO_COMMON_BLOCKS = YES;
				GCC_WARN_64_TO_32_BIT_CONVERSION = YES;
				GCC_WARN_ABOUT_RETURN_TYPE = YES_ERROR;
				GCC_WARN_UNDECLARED_SELECTOR = YES;
				GCC_WARN_UNINITIALIZED_AUTOS = YES_AGGRESSIVE;
				GCC_WARN_UNUSED_FUNCTION = YES;
				GCC_WARN_UNUSED_VARIABLE = YES;
				IPHONEOS_DEPLOYMENT_TARGET = 14.3;
				MTL_ENABLE_DEBUG_INFO = NO;
				MTL_FAST_MATH = YES;
				SDKROOT = iphoneos;
				SWIFT_COMPILATION_MODE = wholemodule;
				SWIFT_OPTIMIZATION_LEVEL = "-O";
				VALIDATE_PRODUCT = YES;
			};
			name = Release;
		};
		222201E025A25F19001349F9 /* Debug */ = {
			isa = XCBuildConfiguration;
			baseConfigurationReference = 72EF15B399D3641FBCC12793 /* Pods-theSound.debug.xcconfig */;
			buildSettings = {
				ASSETCATALOG_COMPILER_APPICON_NAME = AppIcon;
				ASSETCATALOG_COMPILER_GLOBAL_ACCENT_COLOR_NAME = AccentColor;
				CODE_SIGN_STYLE = Automatic;
				DEVELOPMENT_TEAM = C6AQ322Q62;
				INFOPLIST_FILE = theSound/Info.plist;
				IPHONEOS_DEPLOYMENT_TARGET = 14.0;
				LD_RUNPATH_SEARCH_PATHS = (
					"$(inherited)",
					"@executable_path/Frameworks",
				);
				PRODUCT_BUNDLE_IDENTIFIER = com.byeah.theSound;
				PRODUCT_NAME = "$(TARGET_NAME)";
				SWIFT_VERSION = 5.0;
				TARGETED_DEVICE_FAMILY = "1,2";
			};
			name = Debug;
		};
		222201E125A25F19001349F9 /* Release */ = {
			isa = XCBuildConfiguration;
			baseConfigurationReference = 0450BCABC07C4B6DA46F84C9 /* Pods-theSound.release.xcconfig */;
			buildSettings = {
				ASSETCATALOG_COMPILER_APPICON_NAME = AppIcon;
				ASSETCATALOG_COMPILER_GLOBAL_ACCENT_COLOR_NAME = AccentColor;
				CODE_SIGN_STYLE = Automatic;
				DEVELOPMENT_TEAM = C6AQ322Q62;
				INFOPLIST_FILE = theSound/Info.plist;
				IPHONEOS_DEPLOYMENT_TARGET = 14.0;
				LD_RUNPATH_SEARCH_PATHS = (
					"$(inherited)",
					"@executable_path/Frameworks",
				);
				PRODUCT_BUNDLE_IDENTIFIER = com.byeah.theSound;
				PRODUCT_NAME = "$(TARGET_NAME)";
				SWIFT_VERSION = 5.0;
				TARGETED_DEVICE_FAMILY = "1,2";
			};
			name = Release;
		};
/* End XCBuildConfiguration section */

/* Begin XCConfigurationList section */
		222201C625A25F18001349F9 /* Build configuration list for PBXProject "theSound" */ = {
			isa = XCConfigurationList;
			buildConfigurations = (
				222201DD25A25F19001349F9 /* Debug */,
				222201DE25A25F19001349F9 /* Release */,
			);
			defaultConfigurationIsVisible = 0;
			defaultConfigurationName = Release;
		};
		222201DF25A25F19001349F9 /* Build configuration list for PBXNativeTarget "theSound" */ = {
			isa = XCConfigurationList;
			buildConfigurations = (
				222201E025A25F19001349F9 /* Debug */,
				222201E125A25F19001349F9 /* Release */,
			);
			defaultConfigurationIsVisible = 0;
			defaultConfigurationName = Release;
		};
/* End XCConfigurationList section */
	};
	rootObject = 222201C325A25F18001349F9 /* Project object */;
}
